
Microsoft Visual Studio Solution File, Format Version 12.00
# Visual Studio 15
VisualStudioVersion = 15.0.28307.271
MinimumVisualStudioVersion = 10.0.40219.1
Project("{FAE04EC0-301F-11D3-BF4B-00C04F79EFBC}") = "FupApp.Android", "FupApp\FupApp.Android\FupApp.Android.csproj", "{1EBE8FEA-FFFF-4A31-B59C-DC0BDA8BFEFE}"
EndProject
Project("{FAE04EC0-301F-11D3-BF4B-00C04F79EFBC}") = "FupApp.iOS", "FupApp\FupApp.iOS\FupApp.iOS.csproj", "{834640F0-3157-4B1B-8670-50D34429FEAE}"
EndProject
Project("{FAE04EC0-301F-11D3-BF4B-00C04F79EFBC}") = "FupApp", "FupApp\FupApp\FupApp.csproj", "{790EFCFE-CB22-433C-90C6-D619B5549B40}"
EndProject
Global
	GlobalSection(SolutionConfigurationPlatforms) = preSolution
		Ad-Hoc|Any CPU = Ad-Hoc|Any CPU
		Ad-Hoc|iPhone = Ad-Hoc|iPhone
		Ad-Hoc|iPhoneSimulator = Ad-Hoc|iPhoneSimulator
		AppStore|Any CPU = AppStore|Any CPU
		AppStore|iPhone = AppStore|iPhone
		AppStore|iPhoneSimulator = AppStore|iPhoneSimulator
		Debug|Any CPU = Debug|Any CPU
		Debug|iPhone = Debug|iPhone
		Debug|iPhoneSimulator = Debug|iPhoneSimulator
		Release|Any CPU = Release|Any CPU
		Release|iPhone = Release|iPhone
		Release|iPhoneSimulator = Release|iPhoneSimulator
	EndGlobalSection
	GlobalSection(ProjectConfigurationPlatforms) = postSolution
		{1EBE8FEA-FFFF-4A31-B59C-DC0BDA8BFEFE}.Ad-Hoc|Any CPU.ActiveCfg = Release|Any CPU
		{1EBE8FEA-FFFF-4A31-B59C-DC0BDA8BFEFE}.Ad-Hoc|Any CPU.Build.0 = Release|Any CPU
		{1EBE8FEA-FFFF-4A31-B59C-DC0BDA8BFEFE}.Ad-Hoc|Any CPU.Deploy.0 = Release|Any CPU
		{1EBE8FEA-FFFF-4A31-B59C-DC0BDA8BFEFE}.Ad-Hoc|iPhone.ActiveCfg = Release|Any CPU
		{1EBE8FEA-FFFF-4A31-B59C-DC0BDA8BFEFE}.Ad-Hoc|iPhone.Build.0 = Release|Any CPU
		{1EBE8FEA-FFFF-4A31-B59C-DC0BDA8BFEFE}.Ad-Hoc|iPhone.Deploy.0 = Release|Any CPU
		{1EBE8FEA-FFFF-4A31-B59C-DC0BDA8BFEFE}.Ad-Hoc|iPhoneSimulator.ActiveCfg = Release|Any CPU
		{1EBE8FEA-FFFF-4A31-B59C-DC0BDA8BFEFE}.Ad-Hoc|iPhoneSimulator.Build.0 = Release|Any CPU
		{1EBE8FEA-FFFF-4A31-B59C-DC0BDA8BFEFE}.Ad-Hoc|iPhoneSimulator.Deploy.0 = Release|Any CPU
		{1EBE8FEA-FFFF-4A31-B59C-DC0BDA8BFEFE}.AppStore|Any CPU.ActiveCfg = Release|Any CPU
		{1EBE8FEA-FFFF-4A31-B59C-DC0BDA8BFEFE}.AppStore|Any CPU.Build.0 = Release|Any CPU
		{1EBE8FEA-FFFF-4A31-B59C-DC0BDA8BFEFE}.AppStore|Any CPU.Deploy.0 = Release|Any CPU
		{1EBE8FEA-FFFF-4A31-B59C-DC0BDA8BFEFE}.AppStore|iPhone.ActiveCfg = Release|Any CPU
		{1EBE8FEA-FFFF-4A31-B59C-DC0BDA8BFEFE}.AppStore|iPhone.Build.0 = Release|Any CPU
		{1EBE8FEA-FFFF-4A31-B59C-DC0BDA8BFEFE}.AppStore|iPhone.Deploy.0 = Release|Any CPU
		{1EBE8FEA-FFFF-4A31-B59C-DC0BDA8BFEFE}.AppStore|iPhoneSimulator.ActiveCfg = Release|Any CPU
		{1EBE8FEA-FFFF-4A31-B59C-DC0BDA8BFEFE}.AppStore|iPhoneSimulator.Build.0 = Release|Any CPU
		{1EBE8FEA-FFFF-4A31-B59C-DC0BDA8BFEFE}.AppStore|iPhoneSimulator.Deploy.0 = Release|Any CPU
		{1EBE8FEA-FFFF-4A31-B59C-DC0BDA8BFEFE}.Debug|Any CPU.ActiveCfg = Debug|Any CPU
		{1EBE8FEA-FFFF-4A31-B59C-DC0BDA8BFEFE}.Debug|Any CPU.Build.0 = Debug|Any CPU
		{1EBE8FEA-FFFF-4A31-B59C-DC0BDA8BFEFE}.Debug|Any CPU.Deploy.0 = Debug|Any CPU
		{1EBE8FEA-FFFF-4A31-B59C-DC0BDA8BFEFE}.Debug|iPhone.ActiveCfg = Debug|Any CPU
		{1EBE8FEA-FFFF-4A31-B59C-DC0BDA8BFEFE}.Debug|iPhone.Build.0 = Debug|Any CPU
		{1EBE8FEA-FFFF-4A31-B59C-DC0BDA8BFEFE}.Debug|iPhone.Deploy.0 = Debug|Any CPU
		{1EBE8FEA-FFFF-4A31-B59C-DC0BDA8BFEFE}.Debug|iPhoneSimulator.ActiveCfg = Debug|Any CPU
		{1EBE8FEA-FFFF-4A31-B59C-DC0BDA8BFEFE}.Debug|iPhoneSimulator.Build.0 = Debug|Any CPU
		{1EBE8FEA-FFFF-4A31-B59C-DC0BDA8BFEFE}.Debug|iPhoneSimulator.Deploy.0 = Debug|Any CPU
		{1EBE8FEA-FFFF-4A31-B59C-DC0BDA8BFEFE}.Release|Any CPU.ActiveCfg = Release|Any CPU
		{1EBE8FEA-FFFF-4A31-B59C-DC0BDA8BFEFE}.Release|Any CPU.Build.0 = Release|Any CPU
		{1EBE8FEA-FFFF-4A31-B59C-DC0BDA8BFEFE}.Release|Any CPU.Deploy.0 = Release|Any CPU
		{1EBE8FEA-FFFF-4A31-B59C-DC0BDA8BFEFE}.Release|iPhone.ActiveCfg = Release|Any CPU
		{1EBE8FEA-FFFF-4A31-B59C-DC0BDA8BFEFE}.Release|iPhone.Build.0 = Release|Any CPU
		{1EBE8FEA-FFFF-4A31-B59C-DC0BDA8BFEFE}.Release|iPhone.Deploy.0 = Release|Any CPU
		{1EBE8FEA-FFFF-4A31-B59C-DC0BDA8BFEFE}.Release|iPhoneSimulator.ActiveCfg = Release|Any CPU
		{1EBE8FEA-FFFF-4A31-B59C-DC0BDA8BFEFE}.Release|iPhoneSimulator.Build.0 = Release|Any CPU
		{1EBE8FEA-FFFF-4A31-B59C-DC0BDA8BFEFE}.Release|iPhoneSimulator.Deploy.0 = Release|Any CPU
		{834640F0-3157-4B1B-8670-50D34429FEAE}.Ad-Hoc|Any CPU.ActiveCfg = Ad-Hoc|iPhone
		{834640F0-3157-4B1B-8670-50D34429FEAE}.Ad-Hoc|Any CPU.Build.0 = Ad-Hoc|iPhone
		{834640F0-3157-4B1B-8670-50D34429FEAE}.Ad-Hoc|Any CPU.Deploy.0 = Ad-Hoc|iPhone
		{834640F0-3157-4B1B-8670-50D34429FEAE}.Ad-Hoc|iPhone.ActiveCfg = Ad-Hoc|iPhone
		{834640F0-3157-4B1B-8670-50D34429FEAE}.Ad-Hoc|iPhone.Build.0 = Ad-Hoc|iPhone
		{834640F0-3157-4B1B-8670-50D34429FEAE}.Ad-Hoc|iPhone.Deploy.0 = Ad-Hoc|iPhone
		{834640F0-3157-4B1B-8670-50D34429FEAE}.Ad-Hoc|iPhoneSimulator.ActiveCfg = Ad-Hoc|iPhoneSimulator
		{834640F0-3157-4B1B-8670-50D34429FEAE}.Ad-Hoc|iPhoneSimulator.Build.0 = Ad-Hoc|iPhoneSimulator
		{834640F0-3157-4B1B-8670-50D34429FEAE}.Ad-Hoc|iPhoneSimulator.Deploy.0 = Ad-Hoc|iPhoneSimulator
		{834640F0-3157-4B1B-8670-50D34429FEAE}.AppStore|Any CPU.ActiveCfg = AppStore|iPhone
		{834640F0-3157-4B1B-8670-50D34429FEAE}.AppStore|Any CPU.Build.0 = AppStore|iPhone
		{834640F0-3157-4B1B-8670-50D34429FEAE}.AppStore|Any CPU.Deploy.0 = AppStore|iPhone
		{834640F0-3157-4B1B-8670-50D34429FEAE}.AppStore|iPhone.ActiveCfg = AppStore|iPhone
		{834640F0-3157-4B1B-8670-50D34429FEAE}.AppStore|iPhone.Build.0 = AppStore|iPhone
		{834640F0-3157-4B1B-8670-50D34429FEAE}.AppStore|iPhone.Deploy.0 = AppStore|iPhone
		{834640F0-3157-4B1B-8670-50D34429FEAE}.AppStore|iPhoneSimulator.ActiveCfg = AppStore|iPhoneSimulator
		{834640F0-3157-4B1B-8670-50D34429FEAE}.AppStore|iPhoneSimulator.Build.0 = AppStore|iPhoneSimulator
		{834640F0-3157-4B1B-8670-50D34429FEAE}.AppStore|iPhoneSimulator.Deploy.0 = AppStore|iPhoneSimulator
		{834640F0-3157-4B1B-8670-50D34429FEAE}.Debug|Any CPU.ActiveCfg = Debug|iPhoneSimulator
		{834640F0-3157-4B1B-8670-50D34429FEAE}.Debug|Any CPU.Build.0 = Debug|iPhoneSimulator
		{834640F0-3157-4B1B-8670-50D34429FEAE}.Debug|Any CPU.Deploy.0 = Debug|iPhoneSimulator
		{834640F0-3157-4B1B-8670-50D34429FEAE}.Debug|iPhone.ActiveCfg = Debug|iPhone
		{834640F0-3157-4B1B-8670-50D34429FEAE}.Debug|iPhone.Build.0 = Debug|iPhone
		{834640F0-3157-4B1B-8670-50D34429FEAE}.Debug|iPhone.Deploy.0 = Debug|iPhone
		{834640F0-3157-4B1B-8670-50D34429FEAE}.Debug|iPhoneSimulator.ActiveCfg = Debug|iPhoneSimulator
		{834640F0-3157-4B1B-8670-50D34429FEAE}.Debug|iPhoneSimulator.Build.0 = Debug|iPhoneSimulator
		{834640F0-3157-4B1B-8670-50D34429FEAE}.Debug|iPhoneSimulator.Deploy.0 = Debug|iPhoneSimulator
		{834640F0-3157-4B1B-8670-50D34429FEAE}.Release|Any CPU.ActiveCfg = Release|iPhone
		{834640F0-3157-4B1B-8670-50D34429FEAE}.Release|Any CPU.Build.0 = Release|iPhone
		{834640F0-3157-4B1B-8670-50D34429FEAE}.Release|Any CPU.Deploy.0 = Release|iPhone
		{834640F0-3157-4B1B-8670-50D34429FEAE}.Release|iPhone.ActiveCfg = Release|iPhone
		{834640F0-3157-4B1B-8670-50D34429FEAE}.Release|iPhone.Build.0 = Release|iPhone
		{834640F0-3157-4B1B-8670-50D34429FEAE}.Release|iPhone.Deploy.0 = Release|iPhone
		{834640F0-3157-4B1B-8670-50D34429FEAE}.Release|iPhoneSimulator.ActiveCfg = Release|iPhoneSimulator
		{834640F0-3157-4B1B-8670-50D34429FEAE}.Release|iPhoneSimulator.Build.0 = Release|iPhoneSimulator
		{834640F0-3157-4B1B-8670-50D34429FEAE}.Release|iPhoneSimulator.Deploy.0 = Release|iPhoneSimulator
		{790EFCFE-CB22-433C-90C6-D619B5549B40}.Ad-Hoc|Any CPU.ActiveCfg = Debug|Any CPU
		{790EFCFE-CB22-433C-90C6-D619B5549B40}.Ad-Hoc|Any CPU.Build.0 = Debug|Any CPU
		{790EFCFE-CB22-433C-90C6-D619B5549B40}.Ad-Hoc|Any CPU.Deploy.0 = Debug|Any CPU
		{790EFCFE-CB22-433C-90C6-D619B5549B40}.Ad-Hoc|iPhone.ActiveCfg = Debug|Any CPU
		{790EFCFE-CB22-433C-90C6-D619B5549B40}.Ad-Hoc|iPhone.Build.0 = Debug|Any CPU
		{790EFCFE-CB22-433C-90C6-D619B5549B40}.Ad-Hoc|iPhone.Deploy.0 = Debug|Any CPU
		{790EFCFE-CB22-433C-90C6-D619B5549B40}.Ad-Hoc|iPhoneSimulator.ActiveCfg = Debug|Any CPU
		{790EFCFE-CB22-433C-90C6-D619B5549B40}.Ad-Hoc|iPhoneSimulator.Build.0 = Debug|Any CPU
		{790EFCFE-CB22-433C-90C6-D619B5549B40}.Ad-Hoc|iPhoneSimulator.Deploy.0 = Debug|Any CPU
		{790EFCFE-CB22-433C-90C6-D619B5549B40}.AppStore|Any CPU.ActiveCfg = Debug|Any CPU
		{790EFCFE-CB22-433C-90C6-D619B5549B40}.AppStore|Any CPU.Build.0 = Debug|Any CPU
		{790EFCFE-CB22-433C-90C6-D619B5549B40}.AppStore|Any CPU.Deploy.0 = Debug|Any CPU
		{790EFCFE-CB22-433C-90C6-D619B5549B40}.AppStore|iPhone.ActiveCfg = Debug|Any CPU
		{790EFCFE-CB22-433C-90C6-D619B5549B40}.AppStore|iPhone.Build.0 = Debug|Any CPU
		{790EFCFE-CB22-433C-90C6-D619B5549B40}.AppStore|iPhone.Deploy.0 = Debug|Any CPU
		{790EFCFE-CB22-433C-90C6-D619B5549B40}.AppStore|iPhoneSimulator.ActiveCfg = Debug|Any CPU
		{790EFCFE-CB22-433C-90C6-D619B5549B40}.AppStore|iPhoneSimulator.Build.0 = Debug|Any CPU
		{790EFCFE-CB22-433C-90C6-D619B5549B40}.AppStore|iPhoneSimulator.Deploy.0 = Debug|Any CPU
		{790EFCFE-CB22-433C-90C6-D619B5549B40}.Debug|Any CPU.ActiveCfg = Debug|Any CPU
		{790EFCFE-CB22-433C-90C6-D619B5549B40}.Debug|Any CPU.Build.0 = Debug|Any CPU
		{790EFCFE-CB22-433C-90C6-D619B5549B40}.Debug|Any CPU.Deploy.0 = Debug|Any CPU
		{790EFCFE-CB22-433C-90C6-D619B5549B40}.Debug|iPhone.ActiveCfg = Debug|Any CPU
		{790EFCFE-CB22-433C-90C6-D619B5549B40}.Debug|iPhone.Build.0 = Debug|Any CPU
		{790EFCFE-CB22-433C-90C6-D619B5549B40}.Debug|iPhone.Deploy.0 = Debug|Any CPU
		{790EFCFE-CB22-433C-90C6-D619B5549B40}.Debug|iPhoneSimulator.ActiveCfg = Debug|Any CPU
		{790EFCFE-CB22-433C-90C6-D619B5549B40}.Debug|iPhoneSimulator.Build.0 = Debug|Any CPU
		{790EFCFE-CB22-433C-90C6-D619B5549B40}.Debug|iPhoneSimulator.Deploy.0 = Debug|Any CPU
		{790EFCFE-CB22-433C-90C6-D619B5549B40}.Release|Any CPU.ActiveCfg = Release|Any CPU
		{790EFCFE-CB22-433C-90C6-D619B5549B40}.Release|Any CPU.Build.0 = Release|Any CPU
		{790EFCFE-CB22-433C-90C6-D619B5549B40}.Release|Any CPU.Deploy.0 = Release|Any CPU
		{790EFCFE-CB22-433C-90C6-D619B5549B40}.Release|iPhone.ActiveCfg = Release|Any CPU
		{790EFCFE-CB22-433C-90C6-D619B5549B40}.Release|iPhone.Build.0 = Release|Any CPU
		{790EFCFE-CB22-433C-90C6-D619B5549B40}.Release|iPhone.Deploy.0 = Release|Any CPU
		{790EFCFE-CB22-433C-90C6-D619B5549B40}.Release|iPhoneSimulator.ActiveCfg = Release|Any CPU
		{790EFCFE-CB22-433C-90C6-D619B5549B40}.Release|iPhoneSimulator.Build.0 = Release|Any CPU
		{790EFCFE-CB22-433C-90C6-D619B5549B40}.Release|iPhoneSimulator.Deploy.0 = Release|Any CPU
	EndGlobalSection
	GlobalSection(SolutionProperties) = preSolution
		HideSolutionNode = FALSE
	EndGlobalSection
	GlobalSection(ExtensibilityGlobals) = postSolution
		SolutionGuid = {B760B4DF-D5FB-4DDE-A1E5-1DD04A666C67}
	EndGlobalSection
EndGlobal
