
Microsoft Visual Studio Solution File, Format Version 12.00
# Visual Studio 15
VisualStudioVersion = 15.0.28307.271
MinimumVisualStudioVersion = 10.0.40219.1
Project("{FAE04EC0-301F-11D3-BF4B-00C04F79EFBC}") = "simireports", "simireports\simireports.csproj", "{B442398C-1296-4D5B-AE07-70DE7E8886B1}"
EndProject
Global
	GlobalSection(SolutionConfigurationPlatforms) = preSolution
		Debug|Any CPU = Debug|Any CPU
		Release|Any CPU = Release|Any CPU
	EndGlobalSection
	GlobalSection(ProjectConfigurationPlatforms) = postSolution
		{B442398C-1296-4D5B-AE07-70DE7E8886B1}.Debug|Any CPU.ActiveCfg = Debug|Any CPU
		{B442398C-1296-4D5B-AE07-70DE7E8886B1}.Debug|Any CPU.Build.0 = Debug|Any CPU
		{B442398C-1296-4D5B-AE07-70DE7E8886B1}.Release|Any CPU.ActiveCfg = Release|Any CPU
		{B442398C-1296-4D5B-AE07-70DE7E8886B1}.Release|Any CPU.Build.0 = Release|Any CPU
	EndGlobalSection
	GlobalSection(SolutionProperties) = preSolution
		HideSolutionNode = FALSE
	EndGlobalSection
	GlobalSection(ExtensibilityGlobals) = postSolution
		SolutionGuid = {A3A8F982-3883-41EF-AAEE-11361104EC49}
	EndGlobalSection
EndGlobal
